
Microsoft Visual Studio Solution File, Format Version 12.00
# Visual Studio Version 17
VisualStudioVersion = 17.12.35707.178 d17.12
MinimumVisualStudioVersion = 10.0.40219.1
Project("{FAE04EC0-301F-11D3-BF4B-00C04F79EFBC}") = "TasksAPI", "TasksAPI\TasksAPI.csproj", "{2A82529E-E5E9-428D-8C06-468E08411652}"
EndProject
Project("{FAE04EC0-301F-11D3-BF4B-00C04F79EFBC}") = "TaskAPI.Infrastructure", "TaskAPI.Infrastructure\TaskAPI.Infrastructure.csproj", "{BED69393-88F0-42C7-A168-8123F9A45BC4}"
EndProject
Project("{FAE04EC0-301F-11D3-BF4B-00C04F79EFBC}") = "TasksAPI.Domain", "TasksAPI.Domain\TasksAPI.Domain.csproj", "{03596C49-78D6-4CF4-8978-7B83C49AB82B}"
EndProject
Global
	GlobalSection(SolutionConfigurationPlatforms) = preSolution
		Debug|Any CPU = Debug|Any CPU
		Release|Any CPU = Release|Any CPU
	EndGlobalSection
	GlobalSection(ProjectConfigurationPlatforms) = postSolution
		{2A82529E-E5E9-428D-8C06-468E08411652}.Debug|Any CPU.ActiveCfg = Debug|Any CPU
		{2A82529E-E5E9-428D-8C06-468E08411652}.Debug|Any CPU.Build.0 = Debug|Any CPU
		{2A82529E-E5E9-428D-8C06-468E08411652}.Release|Any CPU.ActiveCfg = Release|Any CPU
		{2A82529E-E5E9-428D-8C06-468E08411652}.Release|Any CPU.Build.0 = Release|Any CPU
		{BED69393-88F0-42C7-A168-8123F9A45BC4}.Debug|Any CPU.ActiveCfg = Debug|Any CPU
		{BED69393-88F0-42C7-A168-8123F9A45BC4}.Debug|Any CPU.Build.0 = Debug|Any CPU
		{BED69393-88F0-42C7-A168-8123F9A45BC4}.Release|Any CPU.ActiveCfg = Release|Any CPU
		{BED69393-88F0-42C7-A168-8123F9A45BC4}.Release|Any CPU.Build.0 = Release|Any CPU
		{03596C49-78D6-4CF4-8978-7B83C49AB82B}.Debug|Any CPU.ActiveCfg = Debug|Any CPU
		{03596C49-78D6-4CF4-8978-7B83C49AB82B}.Debug|Any CPU.Build.0 = Debug|Any CPU
		{03596C49-78D6-4CF4-8978-7B83C49AB82B}.Release|Any CPU.ActiveCfg = Release|Any CPU
		{03596C49-78D6-4CF4-8978-7B83C49AB82B}.Release|Any CPU.Build.0 = Release|Any CPU
	EndGlobalSection
	GlobalSection(SolutionProperties) = preSolution
		HideSolutionNode = FALSE
	EndGlobalSection
EndGlobal
